
Microsoft Visual Studio Solution File, Format Version 12.00
# Visual Studio Version 16
VisualStudioVersion = 16.0.31229.75
MinimumVisualStudioVersion = 10.0.40219.1
Project("{9A19103F-16F7-4668-BE54-9A1E7A4F7556}") = "market", "market\market.csproj", "{0F50B8A3-60D1-4B97-A146-45AC52D5454C}"
EndProject
Global
	GlobalSection(SolutionConfigurationPlatforms) = preSolution
		Debug|Any CPU = Debug|Any CPU
		Release|Any CPU = Release|Any CPU
	EndGlobalSection
	GlobalSection(ProjectConfigurationPlatforms) = postSolution
		{0F50B8A3-60D1-4B97-A146-45AC52D5454C}.Debug|Any CPU.ActiveCfg = Debug|Any CPU
		{0F50B8A3-60D1-4B97-A146-45AC52D5454C}.Debug|Any CPU.Build.0 = Debug|Any CPU
		{0F50B8A3-60D1-4B97-A146-45AC52D5454C}.Release|Any CPU.ActiveCfg = Release|Any CPU
		{0F50B8A3-60D1-4B97-A146-45AC52D5454C}.Release|Any CPU.Build.0 = Release|Any CPU
	EndGlobalSection
	GlobalSection(SolutionProperties) = preSolution
		HideSolutionNode = FALSE
	EndGlobalSection
	GlobalSection(ExtensibilityGlobals) = postSolution
		SolutionGuid = {3AA4F7F9-9B64-4E3C-AB71-94B952DA70CE}
	EndGlobalSection
EndGlobal
